// !$*UTF8*$!
{
	archiveVersion = 1;
	classes = {
	};
	objectVersion = 50;
	objects = {

/* Begin PBXBuildFile section */
		7126512E254DBE66000480CD /* MyExampleViewController.m in Sources */ = {isa = PBXBuildFile; fileRef = 7126512D254DBE66000480CD /* MyExampleViewController.m */; };
		717D622E252D7F9D001839FB /* AppDelegate.m in Sources */ = {isa = PBXBuildFile; fileRef = 717D622D252D7F9D001839FB /* AppDelegate.m */; };
		717D6239252D7F9E001839FB /* Assets.xcassets in Resources */ = {isa = PBXBuildFile; fileRef = 717D6238252D7F9E001839FB /* Assets.xcassets */; };
		717D623C252D7F9E001839FB /* LaunchScreen.storyboard in Resources */ = {isa = PBXBuildFile; fileRef = 717D623A252D7F9E001839FB /* LaunchScreen.storyboard */; };
		717D623F252D7F9E001839FB /* main.m in Sources */ = {isa = PBXBuildFile; fileRef = 717D623E252D7F9E001839FB /* main.m */; };
		717D6279252DE2ED001839FB /* MyAlertView.m in Sources */ = {isa = PBXBuildFile; fileRef = 717D6278252DE2ED001839FB /* MyAlertView.m */; };
		717D627D252DE2FC001839FB /* MyAlertViewController.m in Sources */ = {isa = PBXBuildFile; fileRef = 717D627C252DE2FC001839FB /* MyAlertViewController.m */; };
		71EF61DE254EA2D30083A950 /* CHANGELOG.md in Resources */ = {isa = PBXBuildFile; fileRef = 71EF61DD254EA2D30083A950 /* CHANGELOG.md */; };
		85DAFD2DACC1BB6F66FEFE1A /* libPods-HLBAlertViewControllerExample.a in Frameworks */ = {isa = PBXBuildFile; fileRef = 5C803D0B9883E5CFB0359727 /* libPods-HLBAlertViewControllerExample.a */; };
/* End PBXBuildFile section */

/* Begin PBXFileReference section */
		27FF8517D5101D9033A5239D /* Pods-HLBAlertViewControllerExample.debug.xcconfig */ = {isa = PBXFileReference; includeInIndex = 1; lastKnownFileType = text.xcconfig; name = "Pods-HLBAlertViewControllerExample.debug.xcconfig"; path = "Target Support Files/Pods-HLBAlertViewControllerExample/Pods-HLBAlertViewControllerExample.debug.xcconfig"; sourceTree = "<group>"; };
		5C803D0B9883E5CFB0359727 /* libPods-HLBAlertViewControllerExample.a */ = {isa = PBXFileReference; explicitFileType = archive.ar; includeInIndex = 0; path = "libPods-HLBAlertViewControllerExample.a"; sourceTree = BUILT_PRODUCTS_DIR; };
		7126512C254DBE66000480CD /* MyExampleViewController.h */ = {isa = PBXFileReference; lastKnownFileType = sourcecode.c.h; path = MyExampleViewController.h; sourceTree = "<group>"; };
		7126512D254DBE66000480CD /* MyExampleViewController.m */ = {isa = PBXFileReference; lastKnownFileType = sourcecode.c.objc; path = MyExampleViewController.m; sourceTree = "<group>"; };
		717D6229252D7F9D001839FB /* HLBAlertViewControllerExample.app */ = {isa = PBXFileReference; explicitFileType = wrapper.application; includeInIndex = 0; path = HLBAlertViewControllerExample.app; sourceTree = BUILT_PRODUCTS_DIR; };
		717D622C252D7F9D001839FB /* AppDelegate.h */ = {isa = PBXFileReference; lastKnownFileType = sourcecode.c.h; path = AppDelegate.h; sourceTree = "<group>"; };
		717D622D252D7F9D001839FB /* AppDelegate.m */ = {isa = PBXFileReference; lastKnownFileType = sourcecode.c.objc; path = AppDelegate.m; sourceTree = "<group>"; };
		717D6238252D7F9E001839FB /* Assets.xcassets */ = {isa = PBXFileReference; lastKnownFileType = folder.assetcatalog; path = Assets.xcassets; sourceTree = "<group>"; };
		717D623B252D7F9E001839FB /* Base */ = {isa = PBXFileReference; lastKnownFileType = file.storyboard; name = Base; path = Base.lproj/LaunchScreen.storyboard; sourceTree = "<group>"; };
		717D623D252D7F9E001839FB /* Info.plist */ = {isa = PBXFileReference; lastKnownFileType = text.plist.xml; path = Info.plist; sourceTree = "<group>"; };
		717D623E252D7F9E001839FB /* main.m */ = {isa = PBXFileReference; lastKnownFileType = sourcecode.c.objc; path = main.m; sourceTree = "<group>"; };
		717D6277252DE2ED001839FB /* MyAlertView.h */ = {isa = PBXFileReference; lastKnownFileType = sourcecode.c.h; path = MyAlertView.h; sourceTree = "<group>"; };
		717D6278252DE2ED001839FB /* MyAlertView.m */ = {isa = PBXFileReference; lastKnownFileType = sourcecode.c.objc; path = MyAlertView.m; sourceTree = "<group>"; };
		717D627B252DE2FC001839FB /* MyAlertViewController.h */ = {isa = PBXFileReference; lastKnownFileType = sourcecode.c.h; path = MyAlertViewController.h; sourceTree = "<group>"; };
		717D627C252DE2FC001839FB /* MyAlertViewController.m */ = {isa = PBXFileReference; lastKnownFileType = sourcecode.c.objc; path = MyAlertViewController.m; sourceTree = "<group>"; };
		71EF61DD254EA2D30083A950 /* CHANGELOG.md */ = {isa = PBXFileReference; fileEncoding = 4; lastKnownFileType = net.daringfireball.markdown; name = CHANGELOG.md; path = ../../HLBInAppPush/CHANGELOG.md; sourceTree = "<group>"; };
		A5118BCCEFBC4962DACBE332 /* Pods-HLBAlertViewControllerExample.release.xcconfig */ = {isa = PBXFileReference; includeInIndex = 1; lastKnownFileType = text.xcconfig; name = "Pods-HLBAlertViewControllerExample.release.xcconfig"; path = "Target Support Files/Pods-HLBAlertViewControllerExample/Pods-HLBAlertViewControllerExample.release.xcconfig"; sourceTree = "<group>"; };
/* End PBXFileReference section */

/* Begin PBXFrameworksBuildPhase section */
		717D6226252D7F9D001839FB /* Frameworks */ = {
			isa = PBXFrameworksBuildPhase;
			buildActionMask = 2147483647;
			files = (
				85DAFD2DACC1BB6F66FEFE1A /* libPods-HLBAlertViewControllerExample.a in Frameworks */,
			);
			runOnlyForDeploymentPostprocessing = 0;
		};
/* End PBXFrameworksBuildPhase section */

/* Begin PBXGroup section */
		4866057D585B3D78A61E2CF5 /* Frameworks */ = {
			isa = PBXGroup;
			children = (
				5C803D0B9883E5CFB0359727 /* libPods-HLBAlertViewControllerExample.a */,
			);
			name = Frameworks;
			sourceTree = "<group>";
		};
		7126512B254DBE43000480CD /* Alert */ = {
			isa = PBXGroup;
			children = (
				717D627B252DE2FC001839FB /* MyAlertViewController.h */,
				717D627C252DE2FC001839FB /* MyAlertViewController.m */,
				717D6277252DE2ED001839FB /* MyAlertView.h */,
				717D6278252DE2ED001839FB /* MyAlertView.m */,
			);
			path = Alert;
			sourceTree = "<group>";
		};
		717D6220252D7F9D001839FB = {
			isa = PBXGroup;
			children = (
				71EF61DD254EA2D30083A950 /* CHANGELOG.md */,
				717D622B252D7F9D001839FB /* HLBAlertViewControllerExample */,
				717D622A252D7F9D001839FB /* Products */,
				9318CAD6D5DEFD45394BA60B /* Pods */,
				4866057D585B3D78A61E2CF5 /* Frameworks */,
			);
			sourceTree = "<group>";
		};
		717D622A252D7F9D001839FB /* Products */ = {
			isa = PBXGroup;
			children = (
				717D6229252D7F9D001839FB /* HLBAlertViewControllerExample.app */,
			);
			name = Products;
			sourceTree = "<group>";
		};
		717D622B252D7F9D001839FB /* HLBAlertViewControllerExample */ = {
			isa = PBXGroup;
			children = (
				717D622C252D7F9D001839FB /* AppDelegate.h */,
				717D622D252D7F9D001839FB /* AppDelegate.m */,
				7126512C254DBE66000480CD /* MyExampleViewController.h */,
				7126512D254DBE66000480CD /* MyExampleViewController.m */,
				7126512B254DBE43000480CD /* Alert */,
				717D6238252D7F9E001839FB /* Assets.xcassets */,
				717D623A252D7F9E001839FB /* LaunchScreen.storyboard */,
				717D623D252D7F9E001839FB /* Info.plist */,
				717D623E252D7F9E001839FB /* main.m */,
			);
			path = HLBAlertViewControllerExample;
			sourceTree = "<group>";
		};
		9318CAD6D5DEFD45394BA60B /* Pods */ = {
			isa = PBXGroup;
			children = (
				27FF8517D5101D9033A5239D /* Pods-HLBAlertViewControllerExample.debug.xcconfig */,
				A5118BCCEFBC4962DACBE332 /* Pods-HLBAlertViewControllerExample.release.xcconfig */,
			);
			path = Pods;
			sourceTree = "<group>";
		};
/* End PBXGroup section */

/* Begin PBXNativeTarget section */
		717D6228252D7F9D001839FB /* HLBAlertViewControllerExample */ = {
			isa = PBXNativeTarget;
			buildConfigurationList = 717D6242252D7F9E001839FB /* Build configuration list for PBXNativeTarget "HLBAlertViewControllerExample" */;
			buildPhases = (
				D995C395F711850AE964F49B /* [CP] Check Pods Manifest.lock */,
				717D6225252D7F9D001839FB /* Sources */,
				717D6226252D7F9D001839FB /* Frameworks */,
				717D6227252D7F9D001839FB /* Resources */,
			);
			buildRules = (
			);
			dependencies = (
			);
			name = HLBAlertViewControllerExample;
			productName = HLBAlertViewControllerExample;
			productReference = 717D6229252D7F9D001839FB /* HLBAlertViewControllerExample.app */;
			productType = "com.apple.product-type.application";
		};
/* End PBXNativeTarget section */

/* Begin PBXProject section */
		717D6221252D7F9D001839FB /* Project object */ = {
			isa = PBXProject;
			attributes = {
				LastUpgradeCheck = 1200;
				TargetAttributes = {
					717D6228252D7F9D001839FB = {
						CreatedOnToolsVersion = 12.0;
					};
				};
			};
			buildConfigurationList = 717D6224252D7F9D001839FB /* Build configuration list for PBXProject "HLBAlertViewControllerExample" */;
			compatibilityVersion = "Xcode 9.3";
			developmentRegion = en;
			hasScannedForEncodings = 0;
			knownRegions = (
				en,
				Base,
			);
			mainGroup = 717D6220252D7F9D001839FB;
			productRefGroup = 717D622A252D7F9D001839FB /* Products */;
			projectDirPath = "";
			projectRoot = "";
			targets = (
				717D6228252D7F9D001839FB /* HLBAlertViewControllerExample */,
			);
		};
/* End PBXProject section */

/* Begin PBXResourcesBuildPhase section */
		717D6227252D7F9D001839FB /* Resources */ = {
			isa = PBXResourcesBuildPhase;
			buildActionMask = 2147483647;
			files = (
				717D623C252D7F9E001839FB /* LaunchScreen.storyboard in Resources */,
				71EF61DE254EA2D30083A950 /* CHANGELOG.md in Resources */,
				717D6239252D7F9E001839FB /* Assets.xcassets in Resources */,
			);
			runOnlyForDeploymentPostprocessing = 0;
		};
/* End PBXResourcesBuildPhase section */

/* Begin PBXShellScriptBuildPhase section */
		D995C395F711850AE964F49B /* [CP] Check Pods Manifest.lock */ = {
			isa = PBXShellScriptBuildPhase;
			buildActionMask = 2147483647;
			files = (
			);
			inputFileListPaths = (
			);
			inputPaths = (
				"${PODS_PODFILE_DIR_PATH}/Podfile.lock",
				"${PODS_ROOT}/Manifest.lock",
			);
			name = "[CP] Check Pods Manifest.lock";
			outputFileListPaths = (
			);
			outputPaths = (
				"$(DERIVED_FILE_DIR)/Pods-HLBAlertViewControllerExample-checkManifestLockResult.txt",
			);
			runOnlyForDeploymentPostprocessing = 0;
			shellPath = /bin/sh;
			shellScript = "diff \"${PODS_PODFILE_DIR_PATH}/Podfile.lock\" \"${PODS_ROOT}/Manifest.lock\" > /dev/null\nif [ $? != 0 ] ; then\n    # print error to STDERR\n    echo \"error: The sandbox is not in sync with the Podfile.lock. Run 'pod install' or update your CocoaPods installation.\" >&2\n    exit 1\nfi\n# This output is used by Xcode 'outputs' to avoid re-running this script phase.\necho \"SUCCESS\" > \"${SCRIPT_OUTPUT_FILE_0}\"\n";
			showEnvVarsInLog = 0;
		};
/* End PBXShellScriptBuildPhase section */

/* Begin PBXSourcesBuildPhase section */
		717D6225252D7F9D001839FB /* Sources */ = {
			isa = PBXSourcesBuildPhase;
			buildActionMask = 2147483647;
			files = (
				7126512E254DBE66000480CD /* MyExampleViewController.m in Sources */,
				717D627D252DE2FC001839FB /* MyAlertViewController.m in Sources */,
				717D6279252DE2ED001839FB /* MyAlertView.m in Sources */,
				717D622E252D7F9D001839FB /* AppDelegate.m in Sources */,
				717D623F252D7F9E001839FB /* main.m in Sources */,
			);
			runOnlyForDeploymentPostprocessing = 0;
		};
/* End PBXSourcesBuildPhase section */

/* Begin PBXVariantGroup section */
		717D623A252D7F9E001839FB /* LaunchScreen.storyboard */ = {
			isa = PBXVariantGroup;
			children = (
				717D623B252D7F9E001839FB /* Base */,
			);
			name = LaunchScreen.storyboard;
			sourceTree = "<group>";
		};
/* End PBXVariantGroup section */

/* Begin XCBuildConfiguration section */
		717D6240252D7F9E001839FB /* Debug */ = {
			isa = XCBuildConfiguration;
			buildSettings = {
				ALWAYS_SEARCH_USER_PATHS = NO;
				CLANG_ANALYZER_NONNULL = YES;
				CLANG_ANALYZER_NUMBER_OBJECT_CONVERSION = YES_AGGRESSIVE;
				CLANG_CXX_LANGUAGE_STANDARD = "gnu++14";
				CLANG_CXX_LIBRARY = "libc++";
				CLANG_ENABLE_MODULES = YES;
				CLANG_ENABLE_OBJC_ARC = YES;
				CLANG_ENABLE_OBJC_WEAK = YES;
				CLANG_WARN_BLOCK_CAPTURE_AUTORELEASING = YES;
				CLANG_WARN_BOOL_CONVERSION = YES;
				CLANG_WARN_COMMA = YES;
				CLANG_WARN_CONSTANT_CONVERSION = YES;
				CLANG_WARN_DEPRECATED_OBJC_IMPLEMENTATIONS = YES;
				CLANG_WARN_DIRECT_OBJC_ISA_USAGE = YES_ERROR;
				CLANG_WARN_DOCUMENTATION_COMMENTS = YES;
				CLANG_WARN_EMPTY_BODY = YES;
				CLANG_WARN_ENUM_CONVERSION = YES;
				CLANG_WARN_INFINITE_RECURSION = YES;
				CLANG_WARN_INT_CONVERSION = YES;
				CLANG_WARN_NON_LITERAL_NULL_CONVERSION = YES;
				CLANG_WARN_OBJC_IMPLICIT_RETAIN_SELF = YES;
				CLANG_WARN_OBJC_LITERAL_CONVERSION = YES;
				CLANG_WARN_OBJC_ROOT_CLASS = YES_ERROR;
				CLANG_WARN_QUOTED_INCLUDE_IN_FRAMEWORK_HEADER = YES;
				CLANG_WARN_RANGE_LOOP_ANALYSIS = YES;
				CLANG_WARN_STRICT_PROTOTYPES = YES;
				CLANG_WARN_SUSPICIOUS_MOVE = YES;
				CLANG_WARN_UNGUARDED_AVAILABILITY = YES_AGGRESSIVE;
				CLANG_WARN_UNREACHABLE_CODE = YES;
				CLANG_WARN__DUPLICATE_METHOD_MATCH = YES;
				COPY_PHASE_STRIP = NO;
				DEBUG_INFORMATION_FORMAT = dwarf;
				ENABLE_STRICT_OBJC_MSGSEND = YES;
				ENABLE_TESTABILITY = YES;
				GCC_C_LANGUAGE_STANDARD = gnu11;
				GCC_DYNAMIC_NO_PIC = NO;
				GCC_NO_COMMON_BLOCKS = YES;
				GCC_OPTIMIZATION_LEVEL = 0;
				GCC_PREPROCESSOR_DEFINITIONS = (
					"DEBUG=1",
					"$(inherited)",
				);
				GCC_WARN_64_TO_32_BIT_CONVERSION = YES;
				GCC_WARN_ABOUT_RETURN_TYPE = YES_ERROR;
				GCC_WARN_UNDECLARED_SELECTOR = YES;
				GCC_WARN_UNINITIALIZED_AUTOS = YES_AGGRESSIVE;
				GCC_WARN_UNUSED_FUNCTION = YES;
				GCC_WARN_UNUSED_VARIABLE = YES;
				IPHONEOS_DEPLOYMENT_TARGET = 9.0;
				MTL_ENABLE_DEBUG_INFO = INCLUDE_SOURCE;
				MTL_FAST_MATH = YES;
				ONLY_ACTIVE_ARCH = YES;
				SDKROOT = iphoneos;
			};
			name = Debug;
		};
		717D6241252D7F9E001839FB /* Release */ = {
			isa = XCBuildConfiguration;
			buildSettings = {
				ALWAYS_SEARCH_USER_PATHS = NO;
				CLANG_ANALYZER_NONNULL = YES;
				CLANG_ANALYZER_NUMBER_OBJECT_CONVERSION = YES_AGGRESSIVE;
				CLANG_CXX_LANGUAGE_STANDARD = "gnu++14";
				CLANG_CXX_LIBRARY = "libc++";
				CLANG_ENABLE_MODULES = YES;
				CLANG_ENABLE_OBJC_ARC = YES;
				CLANG_ENABLE_OBJC_WEAK = YES;
				CLANG_WARN_BLOCK_CAPTURE_AUTORELEASING = YES;
				CLANG_WARN_BOOL_CONVERSION = YES;
				CLANG_WARN_COMMA = YES;
				CLANG_WARN_CONSTANT_CONVERSION = YES;
				CLANG_WARN_DEPRECATED_OBJC_IMPLEMENTATIONS = YES;
				CLANG_WARN_DIRECT_OBJC_ISA_USAGE = YES_ERROR;
				CLANG_WARN_DOCUMENTATION_COMMENTS = YES;
				CLANG_WARN_EMPTY_BODY = YES;
				CLANG_WARN_ENUM_CONVERSION = YES;
				CLANG_WARN_INFINITE_RECURSION = YES;
				CLANG_WARN_INT_CONVERSION = YES;
				CLANG_WARN_NON_LITERAL_NULL_CONVERSION = YES;
				CLANG_WARN_OBJC_IMPLICIT_RETAIN_SELF = YES;
				CLANG_WARN_OBJC_LITERAL_CONVERSION = YES;
				CLANG_WARN_OBJC_ROOT_CLASS = YES_ERROR;
				CLANG_WARN_QUOTED_INCLUDE_IN_FRAMEWORK_HEADER = YES;
				CLANG_WARN_RANGE_LOOP_ANALYSIS = YES;
				CLANG_WARN_STRICT_PROTOTYPES = YES;
				CLANG_WARN_SUSPICIOUS_MOVE = YES;
				CLANG_WARN_UNGUARDED_AVAILABILITY = YES_AGGRESSIVE;
				CLANG_WARN_UNREACHABLE_CODE = YES;
				CLANG_WARN__DUPLICATE_METHOD_MATCH = YES;
				COPY_PHASE_STRIP = NO;
				DEBUG_INFORMATION_FORMAT = "dwarf-with-dsym";
				ENABLE_NS_ASSERTIONS = NO;
				ENABLE_STRICT_OBJC_MSGSEND = YES;
				GCC_C_LANGUAGE_STANDARD = gnu11;
				GCC_NO_COMMON_BLOCKS = YES;
				GCC_WARN_64_TO_32_BIT_CONVERSION = YES;
				GCC_WARN_ABOUT_RETURN_TYPE = YES_ERROR;
				GCC_WARN_UNDECLARED_SELECTOR = YES;
				GCC_WARN_UNINITIALIZED_AUTOS = YES_AGGRESSIVE;
				GCC_WARN_UNUSED_FUNCTION = YES;
				GCC_WARN_UNUSED_VARIABLE = YES;
				IPHONEOS_DEPLOYMENT_TARGET = 9.0;
				MTL_ENABLE_DEBUG_INFO = NO;
				MTL_FAST_MATH = YES;
				SDKROOT = iphoneos;
				VALIDATE_PRODUCT = YES;
			};
			name = Release;
		};
		717D6243252D7F9E001839FB /* Debug */ = {
			isa = XCBuildConfiguration;
			baseConfigurationReference = 27FF8517D5101D9033A5239D /* Pods-HLBAlertViewControllerExample.debug.xcconfig */;
			buildSettings = {
				ASSETCATALOG_COMPILER_APPICON_NAME = AppIcon;
				ASSETCATALOG_COMPILER_GLOBAL_ACCENT_COLOR_NAME = AccentColor;
				CODE_SIGN_STYLE = Automatic;
				INFOPLIST_FILE = HLBAlertViewControllerExample/Info.plist;
				LD_RUNPATH_SEARCH_PATHS = (
					"$(inherited)",
					"@executable_path/Frameworks",
				);
				PRODUCT_BUNDLE_IDENTIFIER = com.huanglibo.HLBAlertViewControllerExample;
				PRODUCT_NAME = "$(TARGET_NAME)";
				TARGETED_DEVICE_FAMILY = "1,2";
			};
			name = Debug;
		};
		717D6244252D7F9E001839FB /* Release */ = {
			isa = XCBuildConfiguration;
			baseConfigurationReference = A5118BCCEFBC4962DACBE332 /* Pods-HLBAlertViewControllerExample.release.xcconfig */;
			buildSettings = {
				ASSETCATALOG_COMPILER_APPICON_NAME = AppIcon;
				ASSETCATALOG_COMPILER_GLOBAL_ACCENT_COLOR_NAME = AccentColor;
				CODE_SIGN_STYLE = Automatic;
				INFOPLIST_FILE = HLBAlertViewControllerExample/Info.plist;
				LD_RUNPATH_SEARCH_PATHS = (
					"$(inherited)",
					"@executable_path/Frameworks",
				);
				PRODUCT_BUNDLE_IDENTIFIER = com.huanglibo.HLBAlertViewControllerExample;
				PRODUCT_NAME = "$(TARGET_NAME)";
				TARGETED_DEVICE_FAMILY = "1,2";
			};
			name = Release;
		};
/* End XCBuildConfiguration section */

/* Begin XCConfigurationList section */
		717D6224252D7F9D001839FB /* Build configuration list for PBXProject "HLBAlertViewControllerExample" */ = {
			isa = XCConfigurationList;
			buildConfigurations = (
				717D6240252D7F9E001839FB /* Debug */,
				717D6241252D7F9E001839FB /* Release */,
			);
			defaultConfigurationIsVisible = 0;
			defaultConfigurationName = Release;
		};
		717D6242252D7F9E001839FB /* Build configuration list for PBXNativeTarget "HLBAlertViewControllerExample" */ = {
			isa = XCConfigurationList;
			buildConfigurations = (
				717D6243252D7F9E001839FB /* Debug */,
				717D6244252D7F9E001839FB /* Release */,
			);
			defaultConfigurationIsVisible = 0;
			defaultConfigurationName = Release;
		};
/* End XCConfigurationList section */
	};
	rootObject = 717D6221252D7F9D001839FB /* Project object */;
}
